
Microsoft Visual Studio Solution File, Format Version 12.00
# Visual Studio Version 17
VisualStudioVersion = 17.6.33927.249
MinimumVisualStudioVersion = 10.0.40219.1
Project("{FAE04EC0-301F-11D3-BF4B-00C04F79EFBC}") = "CookieClickerWithSelenium", "CookieClickerWithSelenium\CookieClickerWithSelenium.csproj", "{8157A3B6-D391-4953-B3EC-ABCB45CCF789}"
EndProject
Global
	GlobalSection(SolutionConfigurationPlatforms) = preSolution
		Debug|Any CPU = Debug|Any CPU
		Release|Any CPU = Release|Any CPU
	EndGlobalSection
	GlobalSection(ProjectConfigurationPlatforms) = postSolution
		{8157A3B6-D391-4953-B3EC-ABCB45CCF789}.Debug|Any CPU.ActiveCfg = Debug|Any CPU
		{8157A3B6-D391-4953-B3EC-ABCB45CCF789}.Debug|Any CPU.Build.0 = Debug|Any CPU
		{8157A3B6-D391-4953-B3EC-ABCB45CCF789}.Release|Any CPU.ActiveCfg = Release|Any CPU
		{8157A3B6-D391-4953-B3EC-ABCB45CCF789}.Release|Any CPU.Build.0 = Release|Any CPU
	EndGlobalSection
	GlobalSection(SolutionProperties) = preSolution
		HideSolutionNode = FALSE
	EndGlobalSection
	GlobalSection(ExtensibilityGlobals) = postSolution
		SolutionGuid = {4FED097B-77FC-43A4-9F64-2462B66D00DB}
	EndGlobalSection
EndGlobal
